// !$*UTF8*$!
{
	archiveVersion = 1;
	classes = {
	};
	objectVersion = 46;
	objects = {

/* Begin PBXBuildFile section */
		331B552A1BC4B2BA000812F5 /* OTMTabBarController.swift in Sources */ = {isa = PBXBuildFile; fileRef = 331B55291BC4B2BA000812F5 /* OTMTabBarController.swift */; };
		3320FF071BBB73B0003543BC /* Dialog.swift in Sources */ = {isa = PBXBuildFile; fileRef = 3320FF061BBB73B0003543BC /* Dialog.swift */; };
		337560521BF93071003DFC20 /* OTMDomainUtils.swift in Sources */ = {isa = PBXBuildFile; fileRef = 337560511BF93071003DFC20 /* OTMDomainUtils.swift */; };
		337F6A681BE1AFE80014F9AC /* Utils.swift in Sources */ = {isa = PBXBuildFile; fileRef = 337F6A671BE1AFE80014F9AC /* Utils.swift */; };
		3388FFA31BDD78A0004579FD /* NamesListViewController.swift in Sources */ = {isa = PBXBuildFile; fileRef = 3388FFA21BDD78A0004579FD /* NamesListViewController.swift */; };
		3388FFA51BDDABE8004579FD /* ListUserData.swift in Sources */ = {isa = PBXBuildFile; fileRef = 3388FFA41BDDABE8004579FD /* ListUserData.swift */; };
		33918F821BC0816F007A43A5 /* MapViewController.swift in Sources */ = {isa = PBXBuildFile; fileRef = 33918F811BC0816F007A43A5 /* MapViewController.swift */; };
		33918F841BC0825D007A43A5 /* UdacitySignupViewController.swift in Sources */ = {isa = PBXBuildFile; fileRef = 33918F831BC0825D007A43A5 /* UdacitySignupViewController.swift */; };
		3396620A1BF1801C0037E334 /* OTMServiceCaller.swift in Sources */ = {isa = PBXBuildFile; fileRef = 339662091BF1801C0037E334 /* OTMServiceCaller.swift */; };
		3398D51E1BF6318E0092CCCE /* PostingUrlControllerViewController.swift in Sources */ = {isa = PBXBuildFile; fileRef = 3398D51D1BF6318E0092CCCE /* PostingUrlControllerViewController.swift */; };
		33D74EB11BC34A2A009DB02D /* ActivityIndicatorView.swift in Sources */ = {isa = PBXBuildFile; fileRef = 33D74EB01BC34A2A009DB02D /* ActivityIndicatorView.swift */; };
		33DA666F1BB0EC9000F7978B /* AppDelegate.swift in Sources */ = {isa = PBXBuildFile; fileRef = 33DA666E1BB0EC9000F7978B /* AppDelegate.swift */; };
		33DA66711BB0EC9000F7978B /* ViewController.swift in Sources */ = {isa = PBXBuildFile; fileRef = 33DA66701BB0EC9000F7978B /* ViewController.swift */; };
		33DA66741BB0EC9000F7978B /* Main.storyboard in Resources */ = {isa = PBXBuildFile; fileRef = 33DA66721BB0EC9000F7978B /* Main.storyboard */; };
		33DA66761BB0EC9000F7978B /* Assets.xcassets in Resources */ = {isa = PBXBuildFile; fileRef = 33DA66751BB0EC9000F7978B /* Assets.xcassets */; };
		33DA66791BB0EC9000F7978B /* LaunchScreen.storyboard in Resources */ = {isa = PBXBuildFile; fileRef = 33DA66771BB0EC9000F7978B /* LaunchScreen.storyboard */; };
		33DA66841BB0EC9000F7978B /* On_The_MapTests.swift in Sources */ = {isa = PBXBuildFile; fileRef = 33DA66831BB0EC9000F7978B /* On_The_MapTests.swift */; };
		33DA668F1BB0EC9000F7978B /* On_The_MapUITests.swift in Sources */ = {isa = PBXBuildFile; fileRef = 33DA668E1BB0EC9000F7978B /* On_The_MapUITests.swift */; };
		33DA66A01BB0EE5700F7978B /* Bolts.framework in Frameworks */ = {isa = PBXBuildFile; fileRef = 33DA669E1BB0EE5700F7978B /* Bolts.framework */; };
		33DA66A11BB0EE5700F7978B /* Parse.framework in Frameworks */ = {isa = PBXBuildFile; fileRef = 33DA669F1BB0EE5700F7978B /* Parse.framework */; };
		33DA66A31BB0EEC900F7978B /* AudioToolbox.framework in Frameworks */ = {isa = PBXBuildFile; fileRef = 33DA66A21BB0EEC900F7978B /* AudioToolbox.framework */; };
		33DA66A61BB0EEE600F7978B /* CFNetwork.framework in Frameworks */ = {isa = PBXBuildFile; fileRef = 33DA66A41BB0EEE600F7978B /* CFNetwork.framework */; };
		33DA66A71BB0EEE600F7978B /* CoreGraphics.framework in Frameworks */ = {isa = PBXBuildFile; fileRef = 33DA66A51BB0EEE600F7978B /* CoreGraphics.framework */; };
		33DA66A91BB0EF0800F7978B /* CoreLocation.framework in Frameworks */ = {isa = PBXBuildFile; fileRef = 33DA66A81BB0EF0800F7978B /* CoreLocation.framework */; };
		33DA66AD1BB0EF3700F7978B /* QuartzCore.framework in Frameworks */ = {isa = PBXBuildFile; fileRef = 33DA66AA1BB0EF3700F7978B /* QuartzCore.framework */; };
		33DA66AE1BB0EF3700F7978B /* Security.framework in Frameworks */ = {isa = PBXBuildFile; fileRef = 33DA66AB1BB0EF3700F7978B /* Security.framework */; };
		33DA66AF1BB0EF3700F7978B /* StoreKit.framework in Frameworks */ = {isa = PBXBuildFile; fileRef = 33DA66AC1BB0EF3700F7978B /* StoreKit.framework */; };
		33DA66B11BB0EF5400F7978B /* SystemConfiguration.framework in Frameworks */ = {isa = PBXBuildFile; fileRef = 33DA66B01BB0EF5400F7978B /* SystemConfiguration.framework */; };
		33DA66B31BB0EFB400F7978B /* libz.tbd in Frameworks */ = {isa = PBXBuildFile; fileRef = 33DA66B21BB0EFB400F7978B /* libz.tbd */; };
		33DA66B51BB0F01D00F7978B /* libsqlite3.tbd in Frameworks */ = {isa = PBXBuildFile; fileRef = 33DA66B41BB0F01D00F7978B /* libsqlite3.tbd */; };
		33DA66B91BB23D6000F7978B /* OTMClient.swift in Sources */ = {isa = PBXBuildFile; fileRef = 33DA66B81BB23D6000F7978B /* OTMClient.swift */; };
		33DA66BB1BB23E4100F7978B /* OTMConstants.swift in Sources */ = {isa = PBXBuildFile; fileRef = 33DA66BA1BB23E4100F7978B /* OTMConstants.swift */; };
		33DA66BF1BB245AD00F7978B /* OTMServicesNameEnum.swift in Sources */ = {isa = PBXBuildFile; fileRef = 33DA66BE1BB245AD00F7978B /* OTMServicesNameEnum.swift */; };
		33EB6EEA1BD48D3900CCFA71 /* PostingViewController.swift in Sources */ = {isa = PBXBuildFile; fileRef = 33EB6EE91BD48D3900CCFA71 /* PostingViewController.swift */; };
		33F98A341BB8DAED00536720 /* UserData.swift in Sources */ = {isa = PBXBuildFile; fileRef = 33F98A331BB8DAED00536720 /* UserData.swift */; };
/* End PBXBuildFile section */

/* Begin PBXContainerItemProxy section */
		33DA66801BB0EC9000F7978B /* PBXContainerItemProxy */ = {
			isa = PBXContainerItemProxy;
			containerPortal = 33DA66631BB0EC9000F7978B /* Project object */;
			proxyType = 1;
			remoteGlobalIDString = 33DA666A1BB0EC9000F7978B;
			remoteInfo = "On The Map";
		};
		33DA668B1BB0EC9000F7978B /* PBXContainerItemProxy */ = {
			isa = PBXContainerItemProxy;
			containerPortal = 33DA66631BB0EC9000F7978B /* Project object */;
			proxyType = 1;
			remoteGlobalIDString = 33DA666A1BB0EC9000F7978B;
			remoteInfo = "On The Map";
		};
/* End PBXContainerItemProxy section */

/* Begin PBXFileReference section */
		331B55291BC4B2BA000812F5 /* OTMTabBarController.swift */ = {isa = PBXFileReference; fileEncoding = 4; lastKnownFileType = sourcecode.swift; path = OTMTabBarController.swift; sourceTree = "<group>"; };
		3320FF061BBB73B0003543BC /* Dialog.swift */ = {isa = PBXFileReference; fileEncoding = 4; lastKnownFileType = sourcecode.swift; path = Dialog.swift; sourceTree = "<group>"; };
		3326184A1BD3090200927EFD /* Roboto-Medium.ttf */ = {isa = PBXFileReference; lastKnownFileType = file; path = "Roboto-Medium.ttf"; sourceTree = "<group>"; };
		3326184B1BD3090900927EFD /* Roboto-Regular.ttf */ = {isa = PBXFileReference; lastKnownFileType = file; path = "Roboto-Regular.ttf"; sourceTree = "<group>"; };
		3326184C1BD3091B00927EFD /* Roboto-Thin.ttf */ = {isa = PBXFileReference; lastKnownFileType = file; path = "Roboto-Thin.ttf"; sourceTree = "<group>"; };
		337560511BF93071003DFC20 /* OTMDomainUtils.swift */ = {isa = PBXFileReference; fileEncoding = 4; lastKnownFileType = sourcecode.swift; path = OTMDomainUtils.swift; sourceTree = "<group>"; };
		337F6A671BE1AFE80014F9AC /* Utils.swift */ = {isa = PBXFileReference; fileEncoding = 4; lastKnownFileType = sourcecode.swift; path = Utils.swift; sourceTree = "<group>"; };
		3388FFA21BDD78A0004579FD /* NamesListViewController.swift */ = {isa = PBXFileReference; fileEncoding = 4; lastKnownFileType = sourcecode.swift; path = NamesListViewController.swift; sourceTree = "<group>"; };
		3388FFA41BDDABE8004579FD /* ListUserData.swift */ = {isa = PBXFileReference; fileEncoding = 4; lastKnownFileType = sourcecode.swift; path = ListUserData.swift; sourceTree = "<group>"; };
		33918F811BC0816F007A43A5 /* MapViewController.swift */ = {isa = PBXFileReference; fileEncoding = 4; lastKnownFileType = sourcecode.swift; path = MapViewController.swift; sourceTree = "<group>"; };
		33918F831BC0825D007A43A5 /* UdacitySignupViewController.swift */ = {isa = PBXFileReference; fileEncoding = 4; lastKnownFileType = sourcecode.swift; path = UdacitySignupViewController.swift; sourceTree = "<group>"; };
		339662091BF1801C0037E334 /* OTMServiceCaller.swift */ = {isa = PBXFileReference; fileEncoding = 4; lastKnownFileType = sourcecode.swift; path = OTMServiceCaller.swift; sourceTree = "<group>"; };
		3398D51D1BF6318E0092CCCE /* PostingUrlControllerViewController.swift */ = {isa = PBXFileReference; fileEncoding = 4; lastKnownFileType = sourcecode.swift; path = PostingUrlControllerViewController.swift; sourceTree = "<group>"; };
		33D74EB01BC34A2A009DB02D /* ActivityIndicatorView.swift */ = {isa = PBXFileReference; fileEncoding = 4; lastKnownFileType = sourcecode.swift; path = ActivityIndicatorView.swift; sourceTree = "<group>"; };
		33DA666B1BB0EC9000F7978B /* On The Map.app */ = {isa = PBXFileReference; explicitFileType = wrapper.application; includeInIndex = 0; path = "On The Map.app"; sourceTree = BUILT_PRODUCTS_DIR; };
		33DA666E1BB0EC9000F7978B /* AppDelegate.swift */ = {isa = PBXFileReference; lastKnownFileType = sourcecode.swift; path = AppDelegate.swift; sourceTree = "<group>"; };
		33DA66701BB0EC9000F7978B /* ViewController.swift */ = {isa = PBXFileReference; lastKnownFileType = sourcecode.swift; path = ViewController.swift; sourceTree = "<group>"; };
		33DA66731BB0EC9000F7978B /* Base */ = {isa = PBXFileReference; lastKnownFileType = file.storyboard; name = Base; path = Base.lproj/Main.storyboard; sourceTree = "<group>"; };
		33DA66751BB0EC9000F7978B /* Assets.xcassets */ = {isa = PBXFileReference; lastKnownFileType = folder.assetcatalog; path = Assets.xcassets; sourceTree = "<group>"; };
		33DA66781BB0EC9000F7978B /* Base */ = {isa = PBXFileReference; lastKnownFileType = file.storyboard; name = Base; path = Base.lproj/LaunchScreen.storyboard; sourceTree = "<group>"; };
		33DA667A1BB0EC9000F7978B /* Info.plist */ = {isa = PBXFileReference; lastKnownFileType = text.plist.xml; path = Info.plist; sourceTree = "<group>"; };
		33DA667F1BB0EC9000F7978B /* On The MapTests.xctest */ = {isa = PBXFileReference; explicitFileType = wrapper.cfbundle; includeInIndex = 0; path = "On The MapTests.xctest"; sourceTree = BUILT_PRODUCTS_DIR; };
		33DA66831BB0EC9000F7978B /* On_The_MapTests.swift */ = {isa = PBXFileReference; lastKnownFileType = sourcecode.swift; path = On_The_MapTests.swift; sourceTree = "<group>"; };
		33DA66851BB0EC9000F7978B /* Info.plist */ = {isa = PBXFileReference; lastKnownFileType = text.plist.xml; path = Info.plist; sourceTree = "<group>"; };
		33DA668A1BB0EC9000F7978B /* On The MapUITests.xctest */ = {isa = PBXFileReference; explicitFileType = wrapper.cfbundle; includeInIndex = 0; path = "On The MapUITests.xctest"; sourceTree = BUILT_PRODUCTS_DIR; };
		33DA668E1BB0EC9000F7978B /* On_The_MapUITests.swift */ = {isa = PBXFileReference; lastKnownFileType = sourcecode.swift; path = On_The_MapUITests.swift; sourceTree = "<group>"; };
		33DA66901BB0EC9000F7978B /* Info.plist */ = {isa = PBXFileReference; lastKnownFileType = text.plist.xml; path = Info.plist; sourceTree = "<group>"; };
		33DA669E1BB0EE5700F7978B /* Bolts.framework */ = {isa = PBXFileReference; lastKnownFileType = wrapper.framework; path = Bolts.framework; sourceTree = "<group>"; };
		33DA669F1BB0EE5700F7978B /* Parse.framework */ = {isa = PBXFileReference; lastKnownFileType = wrapper.framework; path = Parse.framework; sourceTree = "<group>"; };
		33DA66A21BB0EEC900F7978B /* AudioToolbox.framework */ = {isa = PBXFileReference; lastKnownFileType = wrapper.framework; name = AudioToolbox.framework; path = System/Library/Frameworks/AudioToolbox.framework; sourceTree = SDKROOT; };
		33DA66A41BB0EEE600F7978B /* CFNetwork.framework */ = {isa = PBXFileReference; lastKnownFileType = wrapper.framework; name = CFNetwork.framework; path = System/Library/Frameworks/CFNetwork.framework; sourceTree = SDKROOT; };
		33DA66A51BB0EEE600F7978B /* CoreGraphics.framework */ = {isa = PBXFileReference; lastKnownFileType = wrapper.framework; name = CoreGraphics.framework; path = System/Library/Frameworks/CoreGraphics.framework; sourceTree = SDKROOT; };
		33DA66A81BB0EF0800F7978B /* CoreLocation.framework */ = {isa = PBXFileReference; lastKnownFileType = wrapper.framework; name = CoreLocation.framework; path = System/Library/Frameworks/CoreLocation.framework; sourceTree = SDKROOT; };
		33DA66AA1BB0EF3700F7978B /* QuartzCore.framework */ = {isa = PBXFileReference; lastKnownFileType = wrapper.framework; name = QuartzCore.framework; path = System/Library/Frameworks/QuartzCore.framework; sourceTree = SDKROOT; };
		33DA66AB1BB0EF3700F7978B /* Security.framework */ = {isa = PBXFileReference; lastKnownFileType = wrapper.framework; name = Security.framework; path = System/Library/Frameworks/Security.framework; sourceTree = SDKROOT; };
		33DA66AC1BB0EF3700F7978B /* StoreKit.framework */ = {isa = PBXFileReference; lastKnownFileType = wrapper.framework; name = StoreKit.framework; path = System/Library/Frameworks/StoreKit.framework; sourceTree = SDKROOT; };
		33DA66B01BB0EF5400F7978B /* SystemConfiguration.framework */ = {isa = PBXFileReference; lastKnownFileType = wrapper.framework; name = SystemConfiguration.framework; path = System/Library/Frameworks/SystemConfiguration.framework; sourceTree = SDKROOT; };
		33DA66B21BB0EFB400F7978B /* libz.tbd */ = {isa = PBXFileReference; lastKnownFileType = "sourcecode.text-based-dylib-definition"; name = libz.tbd; path = usr/lib/libz.tbd; sourceTree = SDKROOT; };
		33DA66B41BB0F01D00F7978B /* libsqlite3.tbd */ = {isa = PBXFileReference; lastKnownFileType = "sourcecode.text-based-dylib-definition"; name = libsqlite3.tbd; path = usr/lib/libsqlite3.tbd; sourceTree = SDKROOT; };
		33DA66B81BB23D6000F7978B /* OTMClient.swift */ = {isa = PBXFileReference; fileEncoding = 4; lastKnownFileType = sourcecode.swift; path = OTMClient.swift; sourceTree = "<group>"; };
		33DA66BA1BB23E4100F7978B /* OTMConstants.swift */ = {isa = PBXFileReference; fileEncoding = 4; lastKnownFileType = sourcecode.swift; path = OTMConstants.swift; sourceTree = "<group>"; };
		33DA66BE1BB245AD00F7978B /* OTMServicesNameEnum.swift */ = {isa = PBXFileReference; fileEncoding = 4; lastKnownFileType = sourcecode.swift; path = OTMServicesNameEnum.swift; sourceTree = "<group>"; };
		33EB6EE61BD4783A00CCFA71 /* On The Map-Bridging-Header.h */ = {isa = PBXFileReference; lastKnownFileType = sourcecode.c.h; path = "On The Map-Bridging-Header.h"; sourceTree = "<group>"; };
		33EB6EE91BD48D3900CCFA71 /* PostingViewController.swift */ = {isa = PBXFileReference; fileEncoding = 4; lastKnownFileType = sourcecode.swift; path = PostingViewController.swift; sourceTree = "<group>"; };
		33F98A331BB8DAED00536720 /* UserData.swift */ = {isa = PBXFileReference; fileEncoding = 4; lastKnownFileType = sourcecode.swift; path = UserData.swift; sourceTree = "<group>"; };
/* End PBXFileReference section */

/* Begin PBXFrameworksBuildPhase section */
		33DA66681BB0EC9000F7978B /* Frameworks */ = {
			isa = PBXFrameworksBuildPhase;
			buildActionMask = 2147483647;
			files = (
				33DA66B51BB0F01D00F7978B /* libsqlite3.tbd in Frameworks */,
				33DA66B31BB0EFB400F7978B /* libz.tbd in Frameworks */,
				33DA66B11BB0EF5400F7978B /* SystemConfiguration.framework in Frameworks */,
				33DA66AD1BB0EF3700F7978B /* QuartzCore.framework in Frameworks */,
				33DA66AE1BB0EF3700F7978B /* Security.framework in Frameworks */,
				33DA66AF1BB0EF3700F7978B /* StoreKit.framework in Frameworks */,
				33DA66A91BB0EF0800F7978B /* CoreLocation.framework in Frameworks */,
				33DA66A61BB0EEE600F7978B /* CFNetwork.framework in Frameworks */,
				33DA66A71BB0EEE600F7978B /* CoreGraphics.framework in Frameworks */,
				33DA66A31BB0EEC900F7978B /* AudioToolbox.framework in Frameworks */,
				33DA66A11BB0EE5700F7978B /* Parse.framework in Frameworks */,
				33DA66A01BB0EE5700F7978B /* Bolts.framework in Frameworks */,
			);
			runOnlyForDeploymentPostprocessing = 0;
		};
		33DA667C1BB0EC9000F7978B /* Frameworks */ = {
			isa = PBXFrameworksBuildPhase;
			buildActionMask = 2147483647;
			files = (
			);
			runOnlyForDeploymentPostprocessing = 0;
		};
		33DA66871BB0EC9000F7978B /* Frameworks */ = {
			isa = PBXFrameworksBuildPhase;
			buildActionMask = 2147483647;
			files = (
			);
			runOnlyForDeploymentPostprocessing = 0;
		};
/* End PBXFrameworksBuildPhase section */

/* Begin PBXGroup section */
		3307FEB21BD30899006352EA /* Fonts */ = {
			isa = PBXGroup;
			children = (
				3326184C1BD3091B00927EFD /* Roboto-Thin.ttf */,
				3326184B1BD3090900927EFD /* Roboto-Regular.ttf */,
				3326184A1BD3090200927EFD /* Roboto-Medium.ttf */,
			);
			name = Fonts;
			sourceTree = "<group>";
		};
		33DA66621BB0EC9000F7978B = {
			isa = PBXGroup;
			children = (
				33DA669C1BB0EE2B00F7978B /* frameworks */,
				33DA666D1BB0EC9000F7978B /* On The Map */,
				33DA66821BB0EC9000F7978B /* On The MapTests */,
				33DA668D1BB0EC9000F7978B /* On The MapUITests */,
				33DA666C1BB0EC9000F7978B /* Products */,
			);
			sourceTree = "<group>";
		};
		33DA666C1BB0EC9000F7978B /* Products */ = {
			isa = PBXGroup;
			children = (
				33DA666B1BB0EC9000F7978B /* On The Map.app */,
				33DA667F1BB0EC9000F7978B /* On The MapTests.xctest */,
				33DA668A1BB0EC9000F7978B /* On The MapUITests.xctest */,
			);
			name = Products;
			sourceTree = "<group>";
		};
		33DA666D1BB0EC9000F7978B /* On The Map */ = {
			isa = PBXGroup;
			children = (
				3307FEB21BD30899006352EA /* Fonts */,
				33F98A351BBA2E9800536720 /* Utils */,
				33F98A321BB8DA9400536720 /* Domain */,
				33DA66BD1BB2453600F7978B /* Enums */,
				33DA66B71BB23C9800F7978B /* RestUtils */,
				33DA666E1BB0EC9000F7978B /* AppDelegate.swift */,
				33DA66701BB0EC9000F7978B /* ViewController.swift */,
				33DA66721BB0EC9000F7978B /* Main.storyboard */,
				33DA66751BB0EC9000F7978B /* Assets.xcassets */,
				33DA66771BB0EC9000F7978B /* LaunchScreen.storyboard */,
				33DA667A1BB0EC9000F7978B /* Info.plist */,
				33918F811BC0816F007A43A5 /* MapViewController.swift */,
				33918F831BC0825D007A43A5 /* UdacitySignupViewController.swift */,
				33EB6EE61BD4783A00CCFA71 /* On The Map-Bridging-Header.h */,
				33EB6EE91BD48D3900CCFA71 /* PostingViewController.swift */,
				3398D51D1BF6318E0092CCCE /* PostingUrlControllerViewController.swift */,
				3388FFA21BDD78A0004579FD /* NamesListViewController.swift */,
			);
			path = "On The Map";
			sourceTree = "<group>";
		};
		33DA66821BB0EC9000F7978B /* On The MapTests */ = {
			isa = PBXGroup;
			children = (
				33DA66831BB0EC9000F7978B /* On_The_MapTests.swift */,
				33DA66851BB0EC9000F7978B /* Info.plist */,
			);
			path = "On The MapTests";
			sourceTree = "<group>";
		};
		33DA668D1BB0EC9000F7978B /* On The MapUITests */ = {
			isa = PBXGroup;
			children = (
				33DA668E1BB0EC9000F7978B /* On_The_MapUITests.swift */,
				33DA66901BB0EC9000F7978B /* Info.plist */,
			);
			path = "On The MapUITests";
			sourceTree = "<group>";
		};
		33DA669C1BB0EE2B00F7978B /* frameworks */ = {
			isa = PBXGroup;
			children = (
				33DA66B61BB0F18300F7978B /* standard */,
				33DA669D1BB0EE3800F7978B /* parse */,
			);
			name = frameworks;
			sourceTree = "<group>";
		};
		33DA669D1BB0EE3800F7978B /* parse */ = {
			isa = PBXGroup;
			children = (
				33DA669E1BB0EE5700F7978B /* Bolts.framework */,
				33DA669F1BB0EE5700F7978B /* Parse.framework */,
			);
			name = parse;
			sourceTree = "<group>";
		};
		33DA66B61BB0F18300F7978B /* standard */ = {
			isa = PBXGroup;
			children = (
				33DA66B41BB0F01D00F7978B /* libsqlite3.tbd */,
				33DA66B21BB0EFB400F7978B /* libz.tbd */,
				33DA66B01BB0EF5400F7978B /* SystemConfiguration.framework */,
				33DA66AA1BB0EF3700F7978B /* QuartzCore.framework */,
				33DA66AB1BB0EF3700F7978B /* Security.framework */,
				33DA66AC1BB0EF3700F7978B /* StoreKit.framework */,
				33DA66A81BB0EF0800F7978B /* CoreLocation.framework */,
				33DA66A41BB0EEE600F7978B /* CFNetwork.framework */,
				33DA66A51BB0EEE600F7978B /* CoreGraphics.framework */,
				33DA66A21BB0EEC900F7978B /* AudioToolbox.framework */,
			);
			name = standard;
			sourceTree = "<group>";
		};
		33DA66B71BB23C9800F7978B /* RestUtils */ = {
			isa = PBXGroup;
			children = (
				33DA66B81BB23D6000F7978B /* OTMClient.swift */,
				33DA66BA1BB23E4100F7978B /* OTMConstants.swift */,
				339662091BF1801C0037E334 /* OTMServiceCaller.swift */,
			);
			name = RestUtils;
			sourceTree = "<group>";
		};
		33DA66BD1BB2453600F7978B /* Enums */ = {
			isa = PBXGroup;
			children = (
				33DA66BE1BB245AD00F7978B /* OTMServicesNameEnum.swift */,
			);
			name = Enums;
			sourceTree = "<group>";
		};
		33F98A321BB8DA9400536720 /* Domain */ = {
			isa = PBXGroup;
			children = (
				33F98A331BB8DAED00536720 /* UserData.swift */,
				3388FFA41BDDABE8004579FD /* ListUserData.swift */,
				337560511BF93071003DFC20 /* OTMDomainUtils.swift */,
			);
			name = Domain;
			sourceTree = "<group>";
		};
		33F98A351BBA2E9800536720 /* Utils */ = {
			isa = PBXGroup;
			children = (
				3320FF061BBB73B0003543BC /* Dialog.swift */,
				33D74EB01BC34A2A009DB02D /* ActivityIndicatorView.swift */,
				331B55291BC4B2BA000812F5 /* OTMTabBarController.swift */,
				337F6A671BE1AFE80014F9AC /* Utils.swift */,
			);
			name = Utils;
			sourceTree = "<group>";
		};
/* End PBXGroup section */

/* Begin PBXNativeTarget section */
		33DA666A1BB0EC9000F7978B /* On The Map */ = {
			isa = PBXNativeTarget;
			buildConfigurationList = 33DA66931BB0EC9000F7978B /* Build configuration list for PBXNativeTarget "On The Map" */;
			buildPhases = (
				33DA66671BB0EC9000F7978B /* Sources */,
				33DA66681BB0EC9000F7978B /* Frameworks */,
				33DA66691BB0EC9000F7978B /* Resources */,
			);
			buildRules = (
			);
			dependencies = (
			);
			name = "On The Map";
			productName = "On The Map";
			productReference = 33DA666B1BB0EC9000F7978B /* On The Map.app */;
			productType = "com.apple.product-type.application";
		};
		33DA667E1BB0EC9000F7978B /* On The MapTests */ = {
			isa = PBXNativeTarget;
			buildConfigurationList = 33DA66961BB0EC9000F7978B /* Build configuration list for PBXNativeTarget "On The MapTests" */;
			buildPhases = (
				33DA667B1BB0EC9000F7978B /* Sources */,
				33DA667C1BB0EC9000F7978B /* Frameworks */,
				33DA667D1BB0EC9000F7978B /* Resources */,
			);
			buildRules = (
			);
			dependencies = (
				33DA66811BB0EC9000F7978B /* PBXTargetDependency */,
			);
			name = "On The MapTests";
			productName = "On The MapTests";
			productReference = 33DA667F1BB0EC9000F7978B /* On The MapTests.xctest */;
			productType = "com.apple.product-type.bundle.unit-test";
		};
		33DA66891BB0EC9000F7978B /* On The MapUITests */ = {
			isa = PBXNativeTarget;
			buildConfigurationList = 33DA66991BB0EC9000F7978B /* Build configuration list for PBXNativeTarget "On The MapUITests" */;
			buildPhases = (
				33DA66861BB0EC9000F7978B /* Sources */,
				33DA66871BB0EC9000F7978B /* Frameworks */,
				33DA66881BB0EC9000F7978B /* Resources */,
			);
			buildRules = (
			);
			dependencies = (
				33DA668C1BB0EC9000F7978B /* PBXTargetDependency */,
			);
			name = "On The MapUITests";
			productName = "On The MapUITests";
			productReference = 33DA668A1BB0EC9000F7978B /* On The MapUITests.xctest */;
			productType = "com.apple.product-type.bundle.ui-testing";
		};
/* End PBXNativeTarget section */

/* Begin PBXProject section */
		33DA66631BB0EC9000F7978B /* Project object */ = {
			isa = PBXProject;
			attributes = {
				LastSwiftUpdateCheck = 0700;
				LastUpgradeCheck = 0700;
				ORGANIZATIONNAME = "Klaus Villaca";
				TargetAttributes = {
					33DA666A1BB0EC9000F7978B = {
						CreatedOnToolsVersion = 7.0;
					};
					33DA667E1BB0EC9000F7978B = {
						CreatedOnToolsVersion = 7.0;
						TestTargetID = 33DA666A1BB0EC9000F7978B;
					};
					33DA66891BB0EC9000F7978B = {
						CreatedOnToolsVersion = 7.0;
						TestTargetID = 33DA666A1BB0EC9000F7978B;
					};
				};
			};
			buildConfigurationList = 33DA66661BB0EC9000F7978B /* Build configuration list for PBXProject "On The Map" */;
			compatibilityVersion = "Xcode 3.2";
			developmentRegion = English;
			hasScannedForEncodings = 0;
			knownRegions = (
				en,
				Base,
			);
			mainGroup = 33DA66621BB0EC9000F7978B;
			productRefGroup = 33DA666C1BB0EC9000F7978B /* Products */;
			projectDirPath = "";
			projectRoot = "";
			targets = (
				33DA666A1BB0EC9000F7978B /* On The Map */,
				33DA667E1BB0EC9000F7978B /* On The MapTests */,
				33DA66891BB0EC9000F7978B /* On The MapUITests */,
			);
		};
/* End PBXProject section */

/* Begin PBXResourcesBuildPhase section */
		33DA66691BB0EC9000F7978B /* Resources */ = {
			isa = PBXResourcesBuildPhase;
			buildActionMask = 2147483647;
			files = (
				33DA66791BB0EC9000F7978B /* LaunchScreen.storyboard in Resources */,
				33DA66761BB0EC9000F7978B /* Assets.xcassets in Resources */,
				33DA66741BB0EC9000F7978B /* Main.storyboard in Resources */,
			);
			runOnlyForDeploymentPostprocessing = 0;
		};
		33DA667D1BB0EC9000F7978B /* Resources */ = {
			isa = PBXResourcesBuildPhase;
			buildActionMask = 2147483647;
			files = (
			);
			runOnlyForDeploymentPostprocessing = 0;
		};
		33DA66881BB0EC9000F7978B /* Resources */ = {
			isa = PBXResourcesBuildPhase;
			buildActionMask = 2147483647;
			files = (
			);
			runOnlyForDeploymentPostprocessing = 0;
		};
/* End PBXResourcesBuildPhase section */

/* Begin PBXSourcesBuildPhase section */
		33DA66671BB0EC9000F7978B /* Sources */ = {
			isa = PBXSourcesBuildPhase;
			buildActionMask = 2147483647;
			files = (
				33EB6EEA1BD48D3900CCFA71 /* PostingViewController.swift in Sources */,
				3388FFA51BDDABE8004579FD /* ListUserData.swift in Sources */,
				331B552A1BC4B2BA000812F5 /* OTMTabBarController.swift in Sources */,
				33DA66711BB0EC9000F7978B /* ViewController.swift in Sources */,
				33918F841BC0825D007A43A5 /* UdacitySignupViewController.swift in Sources */,
				3396620A1BF1801C0037E334 /* OTMServiceCaller.swift in Sources */,
				3388FFA31BDD78A0004579FD /* NamesListViewController.swift in Sources */,
				337F6A681BE1AFE80014F9AC /* Utils.swift in Sources */,
				33F98A341BB8DAED00536720 /* UserData.swift in Sources */,
				3320FF071BBB73B0003543BC /* Dialog.swift in Sources */,
				33DA66BF1BB245AD00F7978B /* OTMServicesNameEnum.swift in Sources */,
				3398D51E1BF6318E0092CCCE /* PostingUrlControllerViewController.swift in Sources */,
				337560521BF93071003DFC20 /* OTMDomainUtils.swift in Sources */,
				33918F821BC0816F007A43A5 /* MapViewController.swift in Sources */,
				33DA66B91BB23D6000F7978B /* OTMClient.swift in Sources */,
				33DA66BB1BB23E4100F7978B /* OTMConstants.swift in Sources */,
				33DA666F1BB0EC9000F7978B /* AppDelegate.swift in Sources */,
				33D74EB11BC34A2A009DB02D /* ActivityIndicatorView.swift in Sources */,
			);
			runOnlyForDeploymentPostprocessing = 0;
		};
		33DA667B1BB0EC9000F7978B /* Sources */ = {
			isa = PBXSourcesBuildPhase;
			buildActionMask = 2147483647;
			files = (
				33DA66841BB0EC9000F7978B /* On_The_MapTests.swift in Sources */,
			);
			runOnlyForDeploymentPostprocessing = 0;
		};
		33DA66861BB0EC9000F7978B /* Sources */ = {
			isa = PBXSourcesBuildPhase;
			buildActionMask = 2147483647;
			files = (
				33DA668F1BB0EC9000F7978B /* On_The_MapUITests.swift in Sources */,
			);
			runOnlyForDeploymentPostprocessing = 0;
		};
/* End PBXSourcesBuildPhase section */

/* Begin PBXTargetDependency section */
		33DA66811BB0EC9000F7978B /* PBXTargetDependency */ = {
			isa = PBXTargetDependency;
			target = 33DA666A1BB0EC9000F7978B /* On The Map */;
			targetProxy = 33DA66801BB0EC9000F7978B /* PBXContainerItemProxy */;
		};
		33DA668C1BB0EC9000F7978B /* PBXTargetDependency */ = {
			isa = PBXTargetDependency;
			target = 33DA666A1BB0EC9000F7978B /* On The Map */;
			targetProxy = 33DA668B1BB0EC9000F7978B /* PBXContainerItemProxy */;
		};
/* End PBXTargetDependency section */

/* Begin PBXVariantGroup section */
		33DA66721BB0EC9000F7978B /* Main.storyboard */ = {
			isa = PBXVariantGroup;
			children = (
				33DA66731BB0EC9000F7978B /* Base */,
			);
			name = Main.storyboard;
			sourceTree = "<group>";
		};
		33DA66771BB0EC9000F7978B /* LaunchScreen.storyboard */ = {
			isa = PBXVariantGroup;
			children = (
				33DA66781BB0EC9000F7978B /* Base */,
			);
			name = LaunchScreen.storyboard;
			sourceTree = "<group>";
		};
/* End PBXVariantGroup section */

/* Begin XCBuildConfiguration section */
		33DA66911BB0EC9000F7978B /* Debug */ = {
			isa = XCBuildConfiguration;
			buildSettings = {
				ALWAYS_SEARCH_USER_PATHS = NO;
				ASSETCATALOG_COMPILER_APPICON_NAME = "";
				CLANG_CXX_LANGUAGE_STANDARD = "gnu++0x";
				CLANG_CXX_LIBRARY = "libc++";
				CLANG_ENABLE_MODULES = YES;
				CLANG_ENABLE_OBJC_ARC = YES;
				CLANG_WARN_BOOL_CONVERSION = YES;
				CLANG_WARN_CONSTANT_CONVERSION = YES;
				CLANG_WARN_DIRECT_OBJC_ISA_USAGE = YES_ERROR;
				CLANG_WARN_EMPTY_BODY = YES;
				CLANG_WARN_ENUM_CONVERSION = YES;
				CLANG_WARN_INT_CONVERSION = YES;
				CLANG_WARN_OBJC_ROOT_CLASS = YES_ERROR;
				CLANG_WARN_UNREACHABLE_CODE = YES;
				CLANG_WARN__DUPLICATE_METHOD_MATCH = YES;
				"CODE_SIGN_IDENTITY[sdk=iphoneos*]" = "iPhone Developer";
				COPY_PHASE_STRIP = NO;
				DEBUG_INFORMATION_FORMAT = dwarf;
				ENABLE_STRICT_OBJC_MSGSEND = YES;
				ENABLE_TESTABILITY = YES;
				GCC_C_LANGUAGE_STANDARD = gnu99;
				GCC_DYNAMIC_NO_PIC = NO;
				GCC_NO_COMMON_BLOCKS = YES;
				GCC_OPTIMIZATION_LEVEL = 0;
				GCC_PREPROCESSOR_DEFINITIONS = (
					"DEBUG=1",
					"$(inherited)",
				);
				GCC_WARN_64_TO_32_BIT_CONVERSION = YES;
				GCC_WARN_ABOUT_RETURN_TYPE = YES_ERROR;
				GCC_WARN_UNDECLARED_SELECTOR = YES;
				GCC_WARN_UNINITIALIZED_AUTOS = YES_AGGRESSIVE;
				GCC_WARN_UNUSED_FUNCTION = YES;
				GCC_WARN_UNUSED_VARIABLE = YES;
				IPHONEOS_DEPLOYMENT_TARGET = 9.0;
				MTL_ENABLE_DEBUG_INFO = YES;
				ONLY_ACTIVE_ARCH = YES;
				SDKROOT = iphoneos;
				SWIFT_OPTIMIZATION_LEVEL = "-Onone";
			};
			name = Debug;
		};
		33DA66921BB0EC9000F7978B /* Release */ = {
			isa = XCBuildConfiguration;
			buildSettings = {
				ALWAYS_SEARCH_USER_PATHS = NO;
				ASSETCATALOG_COMPILER_APPICON_NAME = "";
				CLANG_CXX_LANGUAGE_STANDARD = "gnu++0x";
				CLANG_CXX_LIBRARY = "libc++";
				CLANG_ENABLE_MODULES = YES;
				CLANG_ENABLE_OBJC_ARC = YES;
				CLANG_WARN_BOOL_CONVERSION = YES;
				CLANG_WARN_CONSTANT_CONVERSION = YES;
				CLANG_WARN_DIRECT_OBJC_ISA_USAGE = YES_ERROR;
				CLANG_WARN_EMPTY_BODY = YES;
				CLANG_WARN_ENUM_CONVERSION = YES;
				CLANG_WARN_INT_CONVERSION = YES;
				CLANG_WARN_OBJC_ROOT_CLASS = YES_ERROR;
				CLANG_WARN_UNREACHABLE_CODE = YES;
				CLANG_WARN__DUPLICATE_METHOD_MATCH = YES;
				"CODE_SIGN_IDENTITY[sdk=iphoneos*]" = "iPhone Developer";
				COPY_PHASE_STRIP = NO;
				DEBUG_INFORMATION_FORMAT = "dwarf-with-dsym";
				ENABLE_NS_ASSERTIONS = NO;
				ENABLE_STRICT_OBJC_MSGSEND = YES;
				GCC_C_LANGUAGE_STANDARD = gnu99;
				GCC_NO_COMMON_BLOCKS = YES;
				GCC_WARN_64_TO_32_BIT_CONVERSION = YES;
				GCC_WARN_ABOUT_RETURN_TYPE = YES_ERROR;
				GCC_WARN_UNDECLARED_SELECTOR = YES;
				GCC_WARN_UNINITIALIZED_AUTOS = YES_AGGRESSIVE;
				GCC_WARN_UNUSED_FUNCTION = YES;
				GCC_WARN_UNUSED_VARIABLE = YES;
				IPHONEOS_DEPLOYMENT_TARGET = 9.0;
				MTL_ENABLE_DEBUG_INFO = NO;
				SDKROOT = iphoneos;
				VALIDATE_PRODUCT = YES;
			};
			name = Release;
		};
		33DA66941BB0EC9000F7978B /* Debug */ = {
			isa = XCBuildConfiguration;
			buildSettings = {
				ASSETCATALOG_COMPILER_APPICON_NAME = AppIcon;
				CLANG_ENABLE_MODULES = YES;
				FRAMEWORK_SEARCH_PATHS = (
					"$(inherited)",
					"$(PROJECT_DIR)",
				);
				INFOPLIST_FILE = "On The Map/Info.plist";
				LD_RUNPATH_SEARCH_PATHS = "$(inherited) @executable_path/Frameworks";
				PRODUCT_BUNDLE_IDENTIFIER = "com.nanodegree.udacity.On-The-Map";
				PRODUCT_NAME = "$(TARGET_NAME)";
				SWIFT_OBJC_BRIDGING_HEADER = "On The Map/On The Map-Bridging-Header.h";
				SWIFT_OPTIMIZATION_LEVEL = "-Onone";
			};
			name = Debug;
		};
		33DA66951BB0EC9000F7978B /* Release */ = {
			isa = XCBuildConfiguration;
			buildSettings = {
				ASSETCATALOG_COMPILER_APPICON_NAME = AppIcon;
				CLANG_ENABLE_MODULES = YES;
				FRAMEWORK_SEARCH_PATHS = (
					"$(inherited)",
					"$(PROJECT_DIR)",
				);
				INFOPLIST_FILE = "On The Map/Info.plist";
				LD_RUNPATH_SEARCH_PATHS = "$(inherited) @executable_path/Frameworks";
				PRODUCT_BUNDLE_IDENTIFIER = "com.nanodegree.udacity.On-The-Map";
				PRODUCT_NAME = "$(TARGET_NAME)";
				SWIFT_OBJC_BRIDGING_HEADER = "On The Map/On The Map-Bridging-Header.h";
			};
			name = Release;
		};
		33DA66971BB0EC9000F7978B /* Debug */ = {
			isa = XCBuildConfiguration;
			buildSettings = {
				BUNDLE_LOADER = "$(TEST_HOST)";
				INFOPLIST_FILE = "On The MapTests/Info.plist";
				LD_RUNPATH_SEARCH_PATHS = "$(inherited) @executable_path/Frameworks @loader_path/Frameworks";
				PRODUCT_BUNDLE_IDENTIFIER = "com.nanodegree.udacity.On-The-MapTests";
				PRODUCT_NAME = "$(TARGET_NAME)";
				TEST_HOST = "$(BUILT_PRODUCTS_DIR)/On The Map.app/On The Map";
			};
			name = Debug;
		};
		33DA66981BB0EC9000F7978B /* Release */ = {
			isa = XCBuildConfiguration;
			buildSettings = {
				BUNDLE_LOADER = "$(TEST_HOST)";
				INFOPLIST_FILE = "On The MapTests/Info.plist";
				LD_RUNPATH_SEARCH_PATHS = "$(inherited) @executable_path/Frameworks @loader_path/Frameworks";
				PRODUCT_BUNDLE_IDENTIFIER = "com.nanodegree.udacity.On-The-MapTests";
				PRODUCT_NAME = "$(TARGET_NAME)";
				TEST_HOST = "$(BUILT_PRODUCTS_DIR)/On The Map.app/On The Map";
			};
			name = Release;
		};
		33DA669A1BB0EC9000F7978B /* Debug */ = {
			isa = XCBuildConfiguration;
			buildSettings = {
				INFOPLIST_FILE = "On The MapUITests/Info.plist";
				LD_RUNPATH_SEARCH_PATHS = "$(inherited) @executable_path/Frameworks @loader_path/Frameworks";
				PRODUCT_BUNDLE_IDENTIFIER = "com.nanodegree.udacity.On-The-MapUITests";
				PRODUCT_NAME = "$(TARGET_NAME)";
				TEST_TARGET_NAME = "On The Map";
				USES_XCTRUNNER = YES;
			};
			name = Debug;
		};
		33DA669B1BB0EC9000F7978B /* Release */ = {
			isa = XCBuildConfiguration;
			buildSettings = {
				INFOPLIST_FILE = "On The MapUITests/Info.plist";
				LD_RUNPATH_SEARCH_PATHS = "$(inherited) @executable_path/Frameworks @loader_path/Frameworks";
				PRODUCT_BUNDLE_IDENTIFIER = "com.nanodegree.udacity.On-The-MapUITests";
				PRODUCT_NAME = "$(TARGET_NAME)";
				TEST_TARGET_NAME = "On The Map";
				USES_XCTRUNNER = YES;
			};
			name = Release;
		};
/* End XCBuildConfiguration section */

/* Begin XCConfigurationList section */
		33DA66661BB0EC9000F7978B /* Build configuration list for PBXProject "On The Map" */ = {
			isa = XCConfigurationList;
			buildConfigurations = (
				33DA66911BB0EC9000F7978B /* Debug */,
				33DA66921BB0EC9000F7978B /* Release */,
			);
			defaultConfigurationIsVisible = 0;
			defaultConfigurationName = Release;
		};
		33DA66931BB0EC9000F7978B /* Build configuration list for PBXNativeTarget "On The Map" */ = {
			isa = XCConfigurationList;
			buildConfigurations = (
				33DA66941BB0EC9000F7978B /* Debug */,
				33DA66951BB0EC9000F7978B /* Release */,
			);
			defaultConfigurationIsVisible = 0;
			defaultConfigurationName = Release;
		};
		33DA66961BB0EC9000F7978B /* Build configuration list for PBXNativeTarget "On The MapTests" */ = {
			isa = XCConfigurationList;
			buildConfigurations = (
				33DA66971BB0EC9000F7978B /* Debug */,
				33DA66981BB0EC9000F7978B /* Release */,
			);
			defaultConfigurationIsVisible = 0;
			defaultConfigurationName = Release;
		};
		33DA66991BB0EC9000F7978B /* Build configuration list for PBXNativeTarget "On The MapUITests" */ = {
			isa = XCConfigurationList;
			buildConfigurations = (
				33DA669A1BB0EC9000F7978B /* Debug */,
				33DA669B1BB0EC9000F7978B /* Release */,
			);
			defaultConfigurationIsVisible = 0;
			defaultConfigurationName = Release;
		};
/* End XCConfigurationList section */
	};
	rootObject = 33DA66631BB0EC9000F7978B /* Project object */;
}
